
Microsoft Visual Studio Solution File, Format Version 12.00
# Visual Studio Version 16
VisualStudioVersion = 16.0.31220.234
MinimumVisualStudioVersion = 10.0.40219.1
Project("{FAE04EC0-301F-11D3-BF4B-00C04F79EFBC}") = "NunitDemo", "NunitDemo.csproj", "{805161E2-1020-424C-9171-B5DAF415ED1E}"
EndProject
Project("{FAE04EC0-301F-11D3-BF4B-00C04F79EFBC}") = "NunitTestProject", "..\NunitTestProject\NunitTestProject.csproj", "{349FB4F0-DC00-4DFE-9CB5-ECCA466279CA}"
EndProject
Global
	GlobalSection(SolutionConfigurationPlatforms) = preSolution
		Debug|Any CPU = Debug|Any CPU
		Release|Any CPU = Release|Any CPU
	EndGlobalSection
	GlobalSection(ProjectConfigurationPlatforms) = postSolution
		{805161E2-1020-424C-9171-B5DAF415ED1E}.Debug|Any CPU.ActiveCfg = Debug|Any CPU
		{805161E2-1020-424C-9171-B5DAF415ED1E}.Debug|Any CPU.Build.0 = Debug|Any CPU
		{805161E2-1020-424C-9171-B5DAF415ED1E}.Release|Any CPU.ActiveCfg = Release|Any CPU
		{805161E2-1020-424C-9171-B5DAF415ED1E}.Release|Any CPU.Build.0 = Release|Any CPU
		{349FB4F0-DC00-4DFE-9CB5-ECCA466279CA}.Debug|Any CPU.ActiveCfg = Debug|Any CPU
		{349FB4F0-DC00-4DFE-9CB5-ECCA466279CA}.Debug|Any CPU.Build.0 = Debug|Any CPU
		{349FB4F0-DC00-4DFE-9CB5-ECCA466279CA}.Release|Any CPU.ActiveCfg = Release|Any CPU
		{349FB4F0-DC00-4DFE-9CB5-ECCA466279CA}.Release|Any CPU.Build.0 = Release|Any CPU
	EndGlobalSection
	GlobalSection(SolutionProperties) = preSolution
		HideSolutionNode = FALSE
	EndGlobalSection
	GlobalSection(ExtensibilityGlobals) = postSolution
		SolutionGuid = {D982D3A9-767A-4CB9-8EC0-9E850AA144E1}
	EndGlobalSection
EndGlobal
